
Microsoft Visual Studio Solution File, Format Version 12.00
# Visual Studio Version 16
VisualStudioVersion = 16.0.30225.117
MinimumVisualStudioVersion = 10.0.40219.1
Project("{FAE04EC0-301F-11D3-BF4B-00C04F79EFBC}") = "Practice01", "Practice01.csproj", "{F3DA565A-3D98-477A-83EA-508EB19C6702}"
EndProject
Project("{FAE04EC0-301F-11D3-BF4B-00C04F79EFBC}") = "Practice02", "..\Practice02\Practice02.csproj", "{1CE12015-6E1D-40C0-A13B-76749BFE9122}"
EndProject
Project("{FAE04EC0-301F-11D3-BF4B-00C04F79EFBC}") = "Practice03prototype", "..\Practice03prototype\Practice03prototype.csproj", "{17B8B104-51FA-43B4-A086-B6C9CE7AC4D5}"
EndProject
Project("{9A19103F-16F7-4668-BE54-9A1E7A4F7556}") = "Practice03prototype.Core", "..\Practice03prototype.Core\Practice03prototype.Core.csproj", "{EDA56795-CDE3-4ED3-8323-4563FA424BE3}"
EndProject
Global
	GlobalSection(SolutionConfigurationPlatforms) = preSolution
		Debug|Any CPU = Debug|Any CPU
		Debug|ARM = Debug|ARM
		Debug|ARM64 = Debug|ARM64
		Debug|x64 = Debug|x64
		Debug|x86 = Debug|x86
		Release|Any CPU = Release|Any CPU
		Release|ARM = Release|ARM
		Release|ARM64 = Release|ARM64
		Release|x64 = Release|x64
		Release|x86 = Release|x86
	EndGlobalSection
	GlobalSection(ProjectConfigurationPlatforms) = postSolution
		{F3DA565A-3D98-477A-83EA-508EB19C6702}.Debug|Any CPU.ActiveCfg = Debug|x86
		{F3DA565A-3D98-477A-83EA-508EB19C6702}.Debug|ARM.ActiveCfg = Debug|ARM
		{F3DA565A-3D98-477A-83EA-508EB19C6702}.Debug|ARM.Build.0 = Debug|ARM
		{F3DA565A-3D98-477A-83EA-508EB19C6702}.Debug|ARM.Deploy.0 = Debug|ARM
		{F3DA565A-3D98-477A-83EA-508EB19C6702}.Debug|ARM64.ActiveCfg = Debug|ARM64
		{F3DA565A-3D98-477A-83EA-508EB19C6702}.Debug|ARM64.Build.0 = Debug|ARM64
		{F3DA565A-3D98-477A-83EA-508EB19C6702}.Debug|ARM64.Deploy.0 = Debug|ARM64
		{F3DA565A-3D98-477A-83EA-508EB19C6702}.Debug|x64.ActiveCfg = Debug|x64
		{F3DA565A-3D98-477A-83EA-508EB19C6702}.Debug|x64.Build.0 = Debug|x64
		{F3DA565A-3D98-477A-83EA-508EB19C6702}.Debug|x64.Deploy.0 = Debug|x64
		{F3DA565A-3D98-477A-83EA-508EB19C6702}.Debug|x86.ActiveCfg = Debug|x86
		{F3DA565A-3D98-477A-83EA-508EB19C6702}.Debug|x86.Build.0 = Debug|x86
		{F3DA565A-3D98-477A-83EA-508EB19C6702}.Debug|x86.Deploy.0 = Debug|x86
		{F3DA565A-3D98-477A-83EA-508EB19C6702}.Release|Any CPU.ActiveCfg = Release|x86
		{F3DA565A-3D98-477A-83EA-508EB19C6702}.Release|ARM.ActiveCfg = Release|ARM
		{F3DA565A-3D98-477A-83EA-508EB19C6702}.Release|ARM.Build.0 = Release|ARM
		{F3DA565A-3D98-477A-83EA-508EB19C6702}.Release|ARM.Deploy.0 = Release|ARM
		{F3DA565A-3D98-477A-83EA-508EB19C6702}.Release|ARM64.ActiveCfg = Release|ARM64
		{F3DA565A-3D98-477A-83EA-508EB19C6702}.Release|ARM64.Build.0 = Release|ARM64
		{F3DA565A-3D98-477A-83EA-508EB19C6702}.Release|ARM64.Deploy.0 = Release|ARM64
		{F3DA565A-3D98-477A-83EA-508EB19C6702}.Release|x64.ActiveCfg = Release|x64
		{F3DA565A-3D98-477A-83EA-508EB19C6702}.Release|x64.Build.0 = Release|x64
		{F3DA565A-3D98-477A-83EA-508EB19C6702}.Release|x64.Deploy.0 = Release|x64
		{F3DA565A-3D98-477A-83EA-508EB19C6702}.Release|x86.ActiveCfg = Release|x86
		{F3DA565A-3D98-477A-83EA-508EB19C6702}.Release|x86.Build.0 = Release|x86
		{F3DA565A-3D98-477A-83EA-508EB19C6702}.Release|x86.Deploy.0 = Release|x86
		{1CE12015-6E1D-40C0-A13B-76749BFE9122}.Debug|Any CPU.ActiveCfg = Debug|x86
		{1CE12015-6E1D-40C0-A13B-76749BFE9122}.Debug|ARM.ActiveCfg = Debug|ARM
		{1CE12015-6E1D-40C0-A13B-76749BFE9122}.Debug|ARM.Build.0 = Debug|ARM
		{1CE12015-6E1D-40C0-A13B-76749BFE9122}.Debug|ARM.Deploy.0 = Debug|ARM
		{1CE12015-6E1D-40C0-A13B-76749BFE9122}.Debug|ARM64.ActiveCfg = Debug|ARM64
		{1CE12015-6E1D-40C0-A13B-76749BFE9122}.Debug|ARM64.Build.0 = Debug|ARM64
		{1CE12015-6E1D-40C0-A13B-76749BFE9122}.Debug|ARM64.Deploy.0 = Debug|ARM64
		{1CE12015-6E1D-40C0-A13B-76749BFE9122}.Debug|x64.ActiveCfg = Debug|x64
		{1CE12015-6E1D-40C0-A13B-76749BFE9122}.Debug|x64.Build.0 = Debug|x64
		{1CE12015-6E1D-40C0-A13B-76749BFE9122}.Debug|x64.Deploy.0 = Debug|x64
		{1CE12015-6E1D-40C0-A13B-76749BFE9122}.Debug|x86.ActiveCfg = Debug|x86
		{1CE12015-6E1D-40C0-A13B-76749BFE9122}.Debug|x86.Build.0 = Debug|x86
		{1CE12015-6E1D-40C0-A13B-76749BFE9122}.Debug|x86.Deploy.0 = Debug|x86
		{1CE12015-6E1D-40C0-A13B-76749BFE9122}.Release|Any CPU.ActiveCfg = Release|x86
		{1CE12015-6E1D-40C0-A13B-76749BFE9122}.Release|ARM.ActiveCfg = Release|ARM
		{1CE12015-6E1D-40C0-A13B-76749BFE9122}.Release|ARM.Build.0 = Release|ARM
		{1CE12015-6E1D-40C0-A13B-76749BFE9122}.Release|ARM.Deploy.0 = Release|ARM
		{1CE12015-6E1D-40C0-A13B-76749BFE9122}.Release|ARM64.ActiveCfg = Release|ARM64
		{1CE12015-6E1D-40C0-A13B-76749BFE9122}.Release|ARM64.Build.0 = Release|ARM64
		{1CE12015-6E1D-40C0-A13B-76749BFE9122}.Release|ARM64.Deploy.0 = Release|ARM64
		{1CE12015-6E1D-40C0-A13B-76749BFE9122}.Release|x64.ActiveCfg = Release|x64
		{1CE12015-6E1D-40C0-A13B-76749BFE9122}.Release|x64.Build.0 = Release|x64
		{1CE12015-6E1D-40C0-A13B-76749BFE9122}.Release|x64.Deploy.0 = Release|x64
		{1CE12015-6E1D-40C0-A13B-76749BFE9122}.Release|x86.ActiveCfg = Release|x86
		{1CE12015-6E1D-40C0-A13B-76749BFE9122}.Release|x86.Build.0 = Release|x86
		{1CE12015-6E1D-40C0-A13B-76749BFE9122}.Release|x86.Deploy.0 = Release|x86
		{17B8B104-51FA-43B4-A086-B6C9CE7AC4D5}.Debug|Any CPU.ActiveCfg = Debug|x86
		{17B8B104-51FA-43B4-A086-B6C9CE7AC4D5}.Debug|ARM.ActiveCfg = Debug|ARM
		{17B8B104-51FA-43B4-A086-B6C9CE7AC4D5}.Debug|ARM.Build.0 = Debug|ARM
		{17B8B104-51FA-43B4-A086-B6C9CE7AC4D5}.Debug|ARM.Deploy.0 = Debug|ARM
		{17B8B104-51FA-43B4-A086-B6C9CE7AC4D5}.Debug|ARM64.ActiveCfg = Debug|ARM64
		{17B8B104-51FA-43B4-A086-B6C9CE7AC4D5}.Debug|ARM64.Build.0 = Debug|ARM64
		{17B8B104-51FA-43B4-A086-B6C9CE7AC4D5}.Debug|ARM64.Deploy.0 = Debug|ARM64
		{17B8B104-51FA-43B4-A086-B6C9CE7AC4D5}.Debug|x64.ActiveCfg = Debug|x64
		{17B8B104-51FA-43B4-A086-B6C9CE7AC4D5}.Debug|x64.Build.0 = Debug|x64
		{17B8B104-51FA-43B4-A086-B6C9CE7AC4D5}.Debug|x64.Deploy.0 = Debug|x64
		{17B8B104-51FA-43B4-A086-B6C9CE7AC4D5}.Debug|x86.ActiveCfg = Debug|x86
		{17B8B104-51FA-43B4-A086-B6C9CE7AC4D5}.Debug|x86.Build.0 = Debug|x86
		{17B8B104-51FA-43B4-A086-B6C9CE7AC4D5}.Debug|x86.Deploy.0 = Debug|x86
		{17B8B104-51FA-43B4-A086-B6C9CE7AC4D5}.Release|Any CPU.ActiveCfg = Release|x86
		{17B8B104-51FA-43B4-A086-B6C9CE7AC4D5}.Release|ARM.ActiveCfg = Release|ARM
		{17B8B104-51FA-43B4-A086-B6C9CE7AC4D5}.Release|ARM.Build.0 = Release|ARM
		{17B8B104-51FA-43B4-A086-B6C9CE7AC4D5}.Release|ARM.Deploy.0 = Release|ARM
		{17B8B104-51FA-43B4-A086-B6C9CE7AC4D5}.Release|ARM64.ActiveCfg = Release|ARM64
		{17B8B104-51FA-43B4-A086-B6C9CE7AC4D5}.Release|ARM64.Build.0 = Release|ARM64
		{17B8B104-51FA-43B4-A086-B6C9CE7AC4D5}.Release|ARM64.Deploy.0 = Release|ARM64
		{17B8B104-51FA-43B4-A086-B6C9CE7AC4D5}.Release|x64.ActiveCfg = Release|x64
		{17B8B104-51FA-43B4-A086-B6C9CE7AC4D5}.Release|x64.Build.0 = Release|x64
		{17B8B104-51FA-43B4-A086-B6C9CE7AC4D5}.Release|x64.Deploy.0 = Release|x64
		{17B8B104-51FA-43B4-A086-B6C9CE7AC4D5}.Release|x86.ActiveCfg = Release|x86
		{17B8B104-51FA-43B4-A086-B6C9CE7AC4D5}.Release|x86.Build.0 = Release|x86
		{17B8B104-51FA-43B4-A086-B6C9CE7AC4D5}.Release|x86.Deploy.0 = Release|x86
		{EDA56795-CDE3-4ED3-8323-4563FA424BE3}.Debug|Any CPU.ActiveCfg = Debug|Any CPU
		{EDA56795-CDE3-4ED3-8323-4563FA424BE3}.Debug|Any CPU.Build.0 = Debug|Any CPU
		{EDA56795-CDE3-4ED3-8323-4563FA424BE3}.Debug|ARM.ActiveCfg = Debug|Any CPU
		{EDA56795-CDE3-4ED3-8323-4563FA424BE3}.Debug|ARM.Build.0 = Debug|Any CPU
		{EDA56795-CDE3-4ED3-8323-4563FA424BE3}.Debug|ARM64.ActiveCfg = Debug|Any CPU
		{EDA56795-CDE3-4ED3-8323-4563FA424BE3}.Debug|ARM64.Build.0 = Debug|Any CPU
		{EDA56795-CDE3-4ED3-8323-4563FA424BE3}.Debug|x64.ActiveCfg = Debug|Any CPU
		{EDA56795-CDE3-4ED3-8323-4563FA424BE3}.Debug|x64.Build.0 = Debug|Any CPU
		{EDA56795-CDE3-4ED3-8323-4563FA424BE3}.Debug|x86.ActiveCfg = Debug|Any CPU
		{EDA56795-CDE3-4ED3-8323-4563FA424BE3}.Debug|x86.Build.0 = Debug|Any CPU
		{EDA56795-CDE3-4ED3-8323-4563FA424BE3}.Release|Any CPU.ActiveCfg = Release|Any CPU
		{EDA56795-CDE3-4ED3-8323-4563FA424BE3}.Release|Any CPU.Build.0 = Release|Any CPU
		{EDA56795-CDE3-4ED3-8323-4563FA424BE3}.Release|ARM.ActiveCfg = Release|Any CPU
		{EDA56795-CDE3-4ED3-8323-4563FA424BE3}.Release|ARM.Build.0 = Release|Any CPU
		{EDA56795-CDE3-4ED3-8323-4563FA424BE3}.Release|ARM64.ActiveCfg = Release|Any CPU
		{EDA56795-CDE3-4ED3-8323-4563FA424BE3}.Release|ARM64.Build.0 = Release|Any CPU
		{EDA56795-CDE3-4ED3-8323-4563FA424BE3}.Release|x64.ActiveCfg = Release|Any CPU
		{EDA56795-CDE3-4ED3-8323-4563FA424BE3}.Release|x64.Build.0 = Release|Any CPU
		{EDA56795-CDE3-4ED3-8323-4563FA424BE3}.Release|x86.ActiveCfg = Release|Any CPU
		{EDA56795-CDE3-4ED3-8323-4563FA424BE3}.Release|x86.Build.0 = Release|Any CPU
	EndGlobalSection
	GlobalSection(SolutionProperties) = preSolution
		HideSolutionNode = FALSE
	EndGlobalSection
	GlobalSection(ExtensibilityGlobals) = postSolution
		SolutionGuid = {4E791D0F-D2AD-4798-BAB3-9B9047C0BD9F}
	EndGlobalSection
EndGlobal
